
Microsoft Visual Studio Solution File, Format Version 12.00
# Visual Studio Express 2012 for Windows Desktop
Project("{FAE04EC0-301F-11D3-BF4B-00C04F79EFBC}") = "XtA_L13_ActorGraph", "Project\XtA_L13_ActorGraph.csproj", "{BB481C22-6326-412B-B711-0486839E873E}"
EndProject
Global
	GlobalSection(SolutionConfigurationPlatforms) = preSolution
		Debug|Any CPU = Debug|Any CPU
		Release|Any CPU = Release|Any CPU
	EndGlobalSection
	GlobalSection(ProjectConfigurationPlatforms) = postSolution
		{BB481C22-6326-412B-B711-0486839E873E}.Debug|Any CPU.ActiveCfg = Debug|Any CPU
		{BB481C22-6326-412B-B711-0486839E873E}.Debug|Any CPU.Build.0 = Debug|Any CPU
		{BB481C22-6326-412B-B711-0486839E873E}.Release|Any CPU.ActiveCfg = Release|Any CPU
		{BB481C22-6326-412B-B711-0486839E873E}.Release|Any CPU.Build.0 = Release|Any CPU
	EndGlobalSection
	GlobalSection(SolutionProperties) = preSolution
		HideSolutionNode = FALSE
	EndGlobalSection
EndGlobal
